
Microsoft Visual Studio Solution File, Format Version 12.00
# Visual Studio Version 17
VisualStudioVersion = 17.11.35222.181
MinimumVisualStudioVersion = 10.0.40219.1
Project("{FAE04EC0-301F-11D3-BF4B-00C04F79EFBC}") = "마우스_조회프로그램", "마우스_조회프로그램\마우스_조회프로그램.csproj", "{D1A14E74-431E-4780-8EF1-1C38319322D0}"
EndProject
Global
	GlobalSection(SolutionConfigurationPlatforms) = preSolution
		Debug|Any CPU = Debug|Any CPU
		Release|Any CPU = Release|Any CPU
	EndGlobalSection
	GlobalSection(ProjectConfigurationPlatforms) = postSolution
		{D1A14E74-431E-4780-8EF1-1C38319322D0}.Debug|Any CPU.ActiveCfg = Debug|Any CPU
		{D1A14E74-431E-4780-8EF1-1C38319322D0}.Debug|Any CPU.Build.0 = Debug|Any CPU
		{D1A14E74-431E-4780-8EF1-1C38319322D0}.Release|Any CPU.ActiveCfg = Release|Any CPU
		{D1A14E74-431E-4780-8EF1-1C38319322D0}.Release|Any CPU.Build.0 = Release|Any CPU
	EndGlobalSection
	GlobalSection(SolutionProperties) = preSolution
		HideSolutionNode = FALSE
	EndGlobalSection
	GlobalSection(ExtensibilityGlobals) = postSolution
		SolutionGuid = {98DDE523-1000-4B87-9289-48F8B695C94B}
	EndGlobalSection
EndGlobal
